
Microsoft Visual Studio Solution File, Format Version 12.00
# Visual Studio Version 16
VisualStudioVersion = 16.0.31410.357
MinimumVisualStudioVersion = 10.0.40219.1
Project("{FAE04EC0-301F-11D3-BF4B-00C04F79EFBC}") = "Task", "Task\Task.csproj", "{BE38F914-546A-4088-80FC-9FE2F9ED0496}"
EndProject
Global
	GlobalSection(SolutionConfigurationPlatforms) = preSolution
		Debug|Any CPU = Debug|Any CPU
		Release|Any CPU = Release|Any CPU
	EndGlobalSection
	GlobalSection(ProjectConfigurationPlatforms) = postSolution
		{BE38F914-546A-4088-80FC-9FE2F9ED0496}.Debug|Any CPU.ActiveCfg = Debug|Any CPU
		{BE38F914-546A-4088-80FC-9FE2F9ED0496}.Debug|Any CPU.Build.0 = Debug|Any CPU
		{BE38F914-546A-4088-80FC-9FE2F9ED0496}.Release|Any CPU.ActiveCfg = Release|Any CPU
		{BE38F914-546A-4088-80FC-9FE2F9ED0496}.Release|Any CPU.Build.0 = Release|Any CPU
	EndGlobalSection
	GlobalSection(SolutionProperties) = preSolution
		HideSolutionNode = FALSE
	EndGlobalSection
	GlobalSection(ExtensibilityGlobals) = postSolution
		SolutionGuid = {C7844964-376C-4D6D-90A7-8349CE76D133}
	EndGlobalSection
EndGlobal
