
Microsoft Visual Studio Solution File, Format Version 12.00
# Visual Studio Version 16
VisualStudioVersion = 16.0.32413.511
MinimumVisualStudioVersion = 10.0.40219.1
Project("{FAE04EC0-301F-11D3-BF4B-00C04F79EFBC}") = "Лабораторная 9", "Лабораторная 9\Лабораторная 9.csproj", "{E62F8C99-49B1-4BA6-A8A4-01225811CD7C}"
EndProject
Global
	GlobalSection(SolutionConfigurationPlatforms) = preSolution
		Debug|Any CPU = Debug|Any CPU
		Release|Any CPU = Release|Any CPU
	EndGlobalSection
	GlobalSection(ProjectConfigurationPlatforms) = postSolution
		{E62F8C99-49B1-4BA6-A8A4-01225811CD7C}.Debug|Any CPU.ActiveCfg = Debug|Any CPU
		{E62F8C99-49B1-4BA6-A8A4-01225811CD7C}.Debug|Any CPU.Build.0 = Debug|Any CPU
		{E62F8C99-49B1-4BA6-A8A4-01225811CD7C}.Release|Any CPU.ActiveCfg = Release|Any CPU
		{E62F8C99-49B1-4BA6-A8A4-01225811CD7C}.Release|Any CPU.Build.0 = Release|Any CPU
	EndGlobalSection
	GlobalSection(SolutionProperties) = preSolution
		HideSolutionNode = FALSE
	EndGlobalSection
	GlobalSection(ExtensibilityGlobals) = postSolution
		SolutionGuid = {B6824463-1378-4A94-A5B5-CDDD36858DF5}
	EndGlobalSection
EndGlobal
